
Microsoft Visual Studio Solution File, Format Version 12.00
# Visual Studio 15
VisualStudioVersion = 15.0.27703.2035
MinimumVisualStudioVersion = 10.0.40219.1
Project("{9A19103F-16F7-4668-BE54-9A1E7A4F7556}") = "AngularSPAWebAPI", "AngularSPAWebAPI.csproj", "{59EBECC8-0696-4F8C-B0BD-8C3447D9D101}"
EndProject
Project("{9A19103F-16F7-4668-BE54-9A1E7A4F7556}") = "dashboardapp", "..\dashboardapp\dashboardapp.csproj", "{1FDDBE78-78CC-4BFA-9121-517B93709488}"
EndProject
Global
	GlobalSection(SolutionConfigurationPlatforms) = preSolution
		Debug|Any CPU = Debug|Any CPU
		Release|Any CPU = Release|Any CPU
	EndGlobalSection
	GlobalSection(ProjectConfigurationPlatforms) = postSolution
		{59EBECC8-0696-4F8C-B0BD-8C3447D9D101}.Debug|Any CPU.ActiveCfg = Debug|Any CPU
		{59EBECC8-0696-4F8C-B0BD-8C3447D9D101}.Debug|Any CPU.Build.0 = Debug|Any CPU
		{59EBECC8-0696-4F8C-B0BD-8C3447D9D101}.Release|Any CPU.ActiveCfg = Release|Any CPU
		{59EBECC8-0696-4F8C-B0BD-8C3447D9D101}.Release|Any CPU.Build.0 = Release|Any CPU
		{1FDDBE78-78CC-4BFA-9121-517B93709488}.Debug|Any CPU.ActiveCfg = Debug|Any CPU
		{1FDDBE78-78CC-4BFA-9121-517B93709488}.Debug|Any CPU.Build.0 = Debug|Any CPU
		{1FDDBE78-78CC-4BFA-9121-517B93709488}.Release|Any CPU.ActiveCfg = Release|Any CPU
		{1FDDBE78-78CC-4BFA-9121-517B93709488}.Release|Any CPU.Build.0 = Release|Any CPU
	EndGlobalSection
	GlobalSection(SolutionProperties) = preSolution
		HideSolutionNode = FALSE
	EndGlobalSection
	GlobalSection(ExtensibilityGlobals) = postSolution
		SolutionGuid = {8CBB60E3-7FE1-4AC9-B198-EE2D2A719CF6}
	EndGlobalSection
EndGlobal
